
Microsoft Visual Studio Solution File, Format Version 12.00
# Visual Studio Version 16
VisualStudioVersion = 16.0.29609.76
MinimumVisualStudioVersion = 10.0.40219.1
Project("{8BC9CEB8-8B4A-11D0-8D11-00A0C91BC942}") = "7-4 BCD解密", "基础编程题目集（共38题）.vcxproj", "{5043CD71-4A25-4BFE-B759-DC19038CFA7C}"
EndProject
Project("{8BC9CEB8-8B4A-11D0-8D11-00A0C91BC942}") = "7-3 逆序的三位数", "..\7-3 逆序的三位数\7-3 逆序的三位数.vcxproj", "{D585D590-AFF2-4631-B79F-0DA49CE1D2AD}"
EndProject
Project("{8BC9CEB8-8B4A-11D0-8D11-00A0C91BC942}") = "7-2 然后是几点", "..\7-2 然后是几点\7-2 然后是几点.vcxproj", "{6CBCD64F-0BBC-42E2-8DA4-ACF4DF8BD700}"
EndProject
Project("{8BC9CEB8-8B4A-11D0-8D11-00A0C91BC942}") = "7-1 厘米换算英尺英寸", "..\7-1 厘米换算英尺英寸\7-1 厘米换算英尺英寸.vcxproj", "{0CB07790-43D3-40C8-8ABD-112E1FE87E51}"
EndProject
Project("{8BC9CEB8-8B4A-11D0-8D11-00A0C91BC942}") = "7-5 表格输出", "..\7-5 表格输出\7-5 表格输出.vcxproj", "{EAD299BA-65A2-4EE5-A180-05CB11F3A072}"
EndProject
Project("{8BC9CEB8-8B4A-11D0-8D11-00A0C91BC942}") = "7-6 混合类型数据格式化输入", "..\7-6 混合类型数据格式化输入\7-6 混合类型数据格式化输入.vcxproj", "{9004604D-FD59-4D1E-ACCC-0386D1A4045D}"
EndProject
Project("{8BC9CEB8-8B4A-11D0-8D11-00A0C91BC942}") = "7-7 12-24小时制", "..\7-7 12-24小时制\7-7 12-24小时制.vcxproj", "{1724B96A-DA91-42A0-98EB-174C4034A85B}"
EndProject
Project("{8BC9CEB8-8B4A-11D0-8D11-00A0C91BC942}") = "7-8 超速判断", "..\7-8 超速判断\7-8 超速判断.vcxproj", "{31DCB09D-C61B-41C9-8F85-D6B95468B7D3}"
EndProject
Project("{8BC9CEB8-8B4A-11D0-8D11-00A0C91BC942}") = "7-9 用天平找小球", "..\7-9 用天平找小球\7-9 用天平找小球.vcxproj", "{41075C23-76E2-464F-8513-799CDBC41EC9}"
EndProject
Project("{8BC9CEB8-8B4A-11D0-8D11-00A0C91BC942}") = "7-10 计算工资", "..\7-10 计算工资\7-10 计算工资.vcxproj", "{3A3D45D0-7B55-484D-B846-5FB823CF755C}"
EndProject
Project("{8BC9CEB8-8B4A-11D0-8D11-00A0C91BC942}") = "7-11 分段计算居民水费", "..\7-11 分段计算居民水费\7-11 分段计算居民水费.vcxproj", "{BEA6FE36-5767-4D4C-BFC6-A98D1732528B}"
EndProject
Project("{8BC9CEB8-8B4A-11D0-8D11-00A0C91BC942}") = "7-12 两个数的简单计算器", "..\7-12 两个数的简单计算器\7-12 两个数的简单计算器.vcxproj", "{615C974C-161D-470D-9BF2-5B2A4E24CF5A}"
EndProject
Project("{8BC9CEB8-8B4A-11D0-8D11-00A0C91BC942}") = "7-38 数列求和-加强版", "..\7-38 数列求和-加强版\7-38 数列求和-加强版.vcxproj", "{8A4FB475-60E6-45E2-A857-6975B1C948BC}"
EndProject
Global
	GlobalSection(SolutionConfigurationPlatforms) = preSolution
		Debug|x64 = Debug|x64
		Debug|x86 = Debug|x86
		Release|x64 = Release|x64
		Release|x86 = Release|x86
	EndGlobalSection
	GlobalSection(ProjectConfigurationPlatforms) = postSolution
		{5043CD71-4A25-4BFE-B759-DC19038CFA7C}.Debug|x64.ActiveCfg = Debug|x64
		{5043CD71-4A25-4BFE-B759-DC19038CFA7C}.Debug|x64.Build.0 = Debug|x64
		{5043CD71-4A25-4BFE-B759-DC19038CFA7C}.Debug|x86.ActiveCfg = Debug|Win32
		{5043CD71-4A25-4BFE-B759-DC19038CFA7C}.Debug|x86.Build.0 = Debug|Win32
		{5043CD71-4A25-4BFE-B759-DC19038CFA7C}.Release|x64.ActiveCfg = Release|x64
		{5043CD71-4A25-4BFE-B759-DC19038CFA7C}.Release|x64.Build.0 = Release|x64
		{5043CD71-4A25-4BFE-B759-DC19038CFA7C}.Release|x86.ActiveCfg = Release|Win32
		{5043CD71-4A25-4BFE-B759-DC19038CFA7C}.Release|x86.Build.0 = Release|Win32
		{D585D590-AFF2-4631-B79F-0DA49CE1D2AD}.Debug|x64.ActiveCfg = Debug|x64
		{D585D590-AFF2-4631-B79F-0DA49CE1D2AD}.Debug|x64.Build.0 = Debug|x64
		{D585D590-AFF2-4631-B79F-0DA49CE1D2AD}.Debug|x86.ActiveCfg = Debug|Win32
		{D585D590-AFF2-4631-B79F-0DA49CE1D2AD}.Debug|x86.Build.0 = Debug|Win32
		{D585D590-AFF2-4631-B79F-0DA49CE1D2AD}.Release|x64.ActiveCfg = Release|x64
		{D585D590-AFF2-4631-B79F-0DA49CE1D2AD}.Release|x64.Build.0 = Release|x64
		{D585D590-AFF2-4631-B79F-0DA49CE1D2AD}.Release|x86.ActiveCfg = Release|Win32
		{D585D590-AFF2-4631-B79F-0DA49CE1D2AD}.Release|x86.Build.0 = Release|Win32
		{6CBCD64F-0BBC-42E2-8DA4-ACF4DF8BD700}.Debug|x64.ActiveCfg = Debug|x64
		{6CBCD64F-0BBC-42E2-8DA4-ACF4DF8BD700}.Debug|x64.Build.0 = Debug|x64
		{6CBCD64F-0BBC-42E2-8DA4-ACF4DF8BD700}.Debug|x86.ActiveCfg = Debug|Win32
		{6CBCD64F-0BBC-42E2-8DA4-ACF4DF8BD700}.Debug|x86.Build.0 = Debug|Win32
		{6CBCD64F-0BBC-42E2-8DA4-ACF4DF8BD700}.Release|x64.ActiveCfg = Release|x64
		{6CBCD64F-0BBC-42E2-8DA4-ACF4DF8BD700}.Release|x64.Build.0 = Release|x64
		{6CBCD64F-0BBC-42E2-8DA4-ACF4DF8BD700}.Release|x86.ActiveCfg = Release|Win32
		{6CBCD64F-0BBC-42E2-8DA4-ACF4DF8BD700}.Release|x86.Build.0 = Release|Win32
		{0CB07790-43D3-40C8-8ABD-112E1FE87E51}.Debug|x64.ActiveCfg = Debug|x64
		{0CB07790-43D3-40C8-8ABD-112E1FE87E51}.Debug|x64.Build.0 = Debug|x64
		{0CB07790-43D3-40C8-8ABD-112E1FE87E51}.Debug|x86.ActiveCfg = Debug|Win32
		{0CB07790-43D3-40C8-8ABD-112E1FE87E51}.Debug|x86.Build.0 = Debug|Win32
		{0CB07790-43D3-40C8-8ABD-112E1FE87E51}.Release|x64.ActiveCfg = Release|x64
		{0CB07790-43D3-40C8-8ABD-112E1FE87E51}.Release|x64.Build.0 = Release|x64
		{0CB07790-43D3-40C8-8ABD-112E1FE87E51}.Release|x86.ActiveCfg = Release|Win32
		{0CB07790-43D3-40C8-8ABD-112E1FE87E51}.Release|x86.Build.0 = Release|Win32
		{EAD299BA-65A2-4EE5-A180-05CB11F3A072}.Debug|x64.ActiveCfg = Debug|x64
		{EAD299BA-65A2-4EE5-A180-05CB11F3A072}.Debug|x64.Build.0 = Debug|x64
		{EAD299BA-65A2-4EE5-A180-05CB11F3A072}.Debug|x86.ActiveCfg = Debug|Win32
		{EAD299BA-65A2-4EE5-A180-05CB11F3A072}.Debug|x86.Build.0 = Debug|Win32
		{EAD299BA-65A2-4EE5-A180-05CB11F3A072}.Release|x64.ActiveCfg = Release|x64
		{EAD299BA-65A2-4EE5-A180-05CB11F3A072}.Release|x64.Build.0 = Release|x64
		{EAD299BA-65A2-4EE5-A180-05CB11F3A072}.Release|x86.ActiveCfg = Release|Win32
		{EAD299BA-65A2-4EE5-A180-05CB11F3A072}.Release|x86.Build.0 = Release|Win32
		{9004604D-FD59-4D1E-ACCC-0386D1A4045D}.Debug|x64.ActiveCfg = Debug|x64
		{9004604D-FD59-4D1E-ACCC-0386D1A4045D}.Debug|x64.Build.0 = Debug|x64
		{9004604D-FD59-4D1E-ACCC-0386D1A4045D}.Debug|x86.ActiveCfg = Debug|Win32
		{9004604D-FD59-4D1E-ACCC-0386D1A4045D}.Debug|x86.Build.0 = Debug|Win32
		{9004604D-FD59-4D1E-ACCC-0386D1A4045D}.Release|x64.ActiveCfg = Release|x64
		{9004604D-FD59-4D1E-ACCC-0386D1A4045D}.Release|x64.Build.0 = Release|x64
		{9004604D-FD59-4D1E-ACCC-0386D1A4045D}.Release|x86.ActiveCfg = Release|Win32
		{9004604D-FD59-4D1E-ACCC-0386D1A4045D}.Release|x86.Build.0 = Release|Win32
		{1724B96A-DA91-42A0-98EB-174C4034A85B}.Debug|x64.ActiveCfg = Debug|x64
		{1724B96A-DA91-42A0-98EB-174C4034A85B}.Debug|x64.Build.0 = Debug|x64
		{1724B96A-DA91-42A0-98EB-174C4034A85B}.Debug|x86.ActiveCfg = Debug|Win32
		{1724B96A-DA91-42A0-98EB-174C4034A85B}.Debug|x86.Build.0 = Debug|Win32
		{1724B96A-DA91-42A0-98EB-174C4034A85B}.Release|x64.ActiveCfg = Release|x64
		{1724B96A-DA91-42A0-98EB-174C4034A85B}.Release|x64.Build.0 = Release|x64
		{1724B96A-DA91-42A0-98EB-174C4034A85B}.Release|x86.ActiveCfg = Release|Win32
		{1724B96A-DA91-42A0-98EB-174C4034A85B}.Release|x86.Build.0 = Release|Win32
		{31DCB09D-C61B-41C9-8F85-D6B95468B7D3}.Debug|x64.ActiveCfg = Debug|x64
		{31DCB09D-C61B-41C9-8F85-D6B95468B7D3}.Debug|x64.Build.0 = Debug|x64
		{31DCB09D-C61B-41C9-8F85-D6B95468B7D3}.Debug|x86.ActiveCfg = Debug|Win32
		{31DCB09D-C61B-41C9-8F85-D6B95468B7D3}.Debug|x86.Build.0 = Debug|Win32
		{31DCB09D-C61B-41C9-8F85-D6B95468B7D3}.Release|x64.ActiveCfg = Release|x64
		{31DCB09D-C61B-41C9-8F85-D6B95468B7D3}.Release|x64.Build.0 = Release|x64
		{31DCB09D-C61B-41C9-8F85-D6B95468B7D3}.Release|x86.ActiveCfg = Release|Win32
		{31DCB09D-C61B-41C9-8F85-D6B95468B7D3}.Release|x86.Build.0 = Release|Win32
		{41075C23-76E2-464F-8513-799CDBC41EC9}.Debug|x64.ActiveCfg = Debug|x64
		{41075C23-76E2-464F-8513-799CDBC41EC9}.Debug|x64.Build.0 = Debug|x64
		{41075C23-76E2-464F-8513-799CDBC41EC9}.Debug|x86.ActiveCfg = Debug|Win32
		{41075C23-76E2-464F-8513-799CDBC41EC9}.Debug|x86.Build.0 = Debug|Win32
		{41075C23-76E2-464F-8513-799CDBC41EC9}.Release|x64.ActiveCfg = Release|x64
		{41075C23-76E2-464F-8513-799CDBC41EC9}.Release|x64.Build.0 = Release|x64
		{41075C23-76E2-464F-8513-799CDBC41EC9}.Release|x86.ActiveCfg = Release|Win32
		{41075C23-76E2-464F-8513-799CDBC41EC9}.Release|x86.Build.0 = Release|Win32
		{3A3D45D0-7B55-484D-B846-5FB823CF755C}.Debug|x64.ActiveCfg = Debug|x64
		{3A3D45D0-7B55-484D-B846-5FB823CF755C}.Debug|x64.Build.0 = Debug|x64
		{3A3D45D0-7B55-484D-B846-5FB823CF755C}.Debug|x86.ActiveCfg = Debug|Win32
		{3A3D45D0-7B55-484D-B846-5FB823CF755C}.Debug|x86.Build.0 = Debug|Win32
		{3A3D45D0-7B55-484D-B846-5FB823CF755C}.Release|x64.ActiveCfg = Release|x64
		{3A3D45D0-7B55-484D-B846-5FB823CF755C}.Release|x64.Build.0 = Release|x64
		{3A3D45D0-7B55-484D-B846-5FB823CF755C}.Release|x86.ActiveCfg = Release|Win32
		{3A3D45D0-7B55-484D-B846-5FB823CF755C}.Release|x86.Build.0 = Release|Win32
		{BEA6FE36-5767-4D4C-BFC6-A98D1732528B}.Debug|x64.ActiveCfg = Debug|x64
		{BEA6FE36-5767-4D4C-BFC6-A98D1732528B}.Debug|x64.Build.0 = Debug|x64
		{BEA6FE36-5767-4D4C-BFC6-A98D1732528B}.Debug|x86.ActiveCfg = Debug|Win32
		{BEA6FE36-5767-4D4C-BFC6-A98D1732528B}.Debug|x86.Build.0 = Debug|Win32
		{BEA6FE36-5767-4D4C-BFC6-A98D1732528B}.Release|x64.ActiveCfg = Release|x64
		{BEA6FE36-5767-4D4C-BFC6-A98D1732528B}.Release|x64.Build.0 = Release|x64
		{BEA6FE36-5767-4D4C-BFC6-A98D1732528B}.Release|x86.ActiveCfg = Release|Win32
		{BEA6FE36-5767-4D4C-BFC6-A98D1732528B}.Release|x86.Build.0 = Release|Win32
		{615C974C-161D-470D-9BF2-5B2A4E24CF5A}.Debug|x64.ActiveCfg = Debug|x64
		{615C974C-161D-470D-9BF2-5B2A4E24CF5A}.Debug|x64.Build.0 = Debug|x64
		{615C974C-161D-470D-9BF2-5B2A4E24CF5A}.Debug|x86.ActiveCfg = Debug|Win32
		{615C974C-161D-470D-9BF2-5B2A4E24CF5A}.Debug|x86.Build.0 = Debug|Win32
		{615C974C-161D-470D-9BF2-5B2A4E24CF5A}.Release|x64.ActiveCfg = Release|x64
		{615C974C-161D-470D-9BF2-5B2A4E24CF5A}.Release|x64.Build.0 = Release|x64
		{615C974C-161D-470D-9BF2-5B2A4E24CF5A}.Release|x86.ActiveCfg = Release|Win32
		{615C974C-161D-470D-9BF2-5B2A4E24CF5A}.Release|x86.Build.0 = Release|Win32
		{8A4FB475-60E6-45E2-A857-6975B1C948BC}.Debug|x64.ActiveCfg = Debug|x64
		{8A4FB475-60E6-45E2-A857-6975B1C948BC}.Debug|x64.Build.0 = Debug|x64
		{8A4FB475-60E6-45E2-A857-6975B1C948BC}.Debug|x86.ActiveCfg = Debug|Win32
		{8A4FB475-60E6-45E2-A857-6975B1C948BC}.Debug|x86.Build.0 = Debug|Win32
		{8A4FB475-60E6-45E2-A857-6975B1C948BC}.Release|x64.ActiveCfg = Release|x64
		{8A4FB475-60E6-45E2-A857-6975B1C948BC}.Release|x64.Build.0 = Release|x64
		{8A4FB475-60E6-45E2-A857-6975B1C948BC}.Release|x86.ActiveCfg = Release|Win32
		{8A4FB475-60E6-45E2-A857-6975B1C948BC}.Release|x86.Build.0 = Release|Win32
	EndGlobalSection
	GlobalSection(SolutionProperties) = preSolution
		HideSolutionNode = FALSE
	EndGlobalSection
	GlobalSection(ExtensibilityGlobals) = postSolution
		SolutionGuid = {F4011820-C677-4BF1-82B9-976A88512D8F}
	EndGlobalSection
EndGlobal
